
Microsoft Visual Studio Solution File, Format Version 12.00
# Visual Studio Version 17
VisualStudioVersion = 17.11.35222.181
MinimumVisualStudioVersion = 10.0.40219.1
Project("{FAE04EC0-301F-11D3-BF4B-00C04F79EFBC}") = "practich7", "practich7\practich7.csproj", "{C703836C-015A-42A8-B80B-88C009C9926E}"
EndProject
Global
	GlobalSection(SolutionConfigurationPlatforms) = preSolution
		Debug|Any CPU = Debug|Any CPU
		Release|Any CPU = Release|Any CPU
	EndGlobalSection
	GlobalSection(ProjectConfigurationPlatforms) = postSolution
		{C703836C-015A-42A8-B80B-88C009C9926E}.Debug|Any CPU.ActiveCfg = Debug|Any CPU
		{C703836C-015A-42A8-B80B-88C009C9926E}.Debug|Any CPU.Build.0 = Debug|Any CPU
		{C703836C-015A-42A8-B80B-88C009C9926E}.Release|Any CPU.ActiveCfg = Release|Any CPU
		{C703836C-015A-42A8-B80B-88C009C9926E}.Release|Any CPU.Build.0 = Release|Any CPU
	EndGlobalSection
	GlobalSection(SolutionProperties) = preSolution
		HideSolutionNode = FALSE
	EndGlobalSection
	GlobalSection(ExtensibilityGlobals) = postSolution
		SolutionGuid = {7049E9F7-4ECA-499F-BCF1-1EE5924C524C}
	EndGlobalSection
EndGlobal
